<?xml version="1.0" encoding="utf-8"?>
<Project ToolsVersion="4.0" xmlns="http://schemas.microsoft.com/developer/msbuild/2003">
  <ItemGroup>
    <Filter Include="VinoGL">
      <UniqueIdentifier>{14EB24D8-008D-4FAE-E947-6302D588D6FE}</UniqueIdentifier>
    </Filter>
  </ItemGroup>
  <ItemGroup>
    <ClInclude Include="src\VinoGL.h" />
    <ClInclude Include="src\VinoGL\Application.h">
      <Filter>VinoGL</Filter>
    </ClInclude>
    <ClInclude Include="src\VinoGL\Core.h">
      <Filter>VinoGL</Filter>
    </ClInclude>
    <ClInclude Include="src\VinoGL\EntryPoint.h">
      <Filter>VinoGL</Filter>
    </ClInclude>
    <ClInclude Include="src\VinoGL\Logger.h">
      <Filter>VinoGL</Filter>
    </ClInclude>
    <ClInclude Include="src\VinoGL\Events\EventAggregator.h" />
  </ItemGroup>
  <ItemGroup>
    <ClCompile Include="src\VinoGL\Application.cpp">
      <Filter>VinoGL</Filter>
    </ClCompile>
    <ClCompile Include="src\VinoGL\Logger.cpp">
      <Filter>VinoGL</Filter>
    </ClCompile>
  </ItemGroup>
</Project>